
Microsoft Visual Studio Solution File, Format Version 12.00
# Visual Studio 14
VisualStudioVersion = 14.0.24720.0
MinimumVisualStudioVersion = 10.0.40219.1
Project("{2150E333-8FDC-42A3-9474-1A3956D46DE8}") = "Kneser-Ney", "Kneser-Ney", "{E76DCF56-7D43-45AE-9312-2D9AE3373FA6}"
EndProject
Project("{2150E333-8FDC-42A3-9474-1A3956D46DE8}") = "Pipeline", "Pipeline", "{5EA0AC4D-0FD5-4DCF-B752-CE11AB3A77A7}"
	ProjectSection(SolutionItems) = preProject
		Kneser-Ney\Pipeline\build.bat = Kneser-Ney\Pipeline\build.bat
	EndProjectSection
EndProject
Project("{FAE04EC0-301F-11D3-BF4B-00C04F79EFBC}") = "common_bow", "Kneser-Ney\Pipeline\common_bow\common_bow.csproj", "{4720A32F-1B29-4903-8B24-747666AA647D}"
EndProject
Project("{FAE04EC0-301F-11D3-BF4B-00C04F79EFBC}") = "kn_count", "Kneser-Ney\Pipeline\kn_count\kn_count.csproj", "{0F1A39CE-B9C1-4BAF-9979-26E7F46A30FB}"
EndProject
Project("{FAE04EC0-301F-11D3-BF4B-00C04F79EFBC}") = "kn_lower1", "Kneser-Ney\Pipeline\kn_lower1\kn_lower1.csproj", "{7F89E543-7E7F-4137-8BDF-A49B06862026}"
EndProject
Project("{FAE04EC0-301F-11D3-BF4B-00C04F79EFBC}") = "kn_lowern", "Kneser-Ney\Pipeline\kn_lowern\kn_lowern.csproj", "{6F70240A-81C9-40F7-808B-EAA473A5D525}"
EndProject
Project("{FAE04EC0-301F-11D3-BF4B-00C04F79EFBC}") = "kn_stat", "Kneser-Ney\Pipeline\kn_stat\kn_stat.csproj", "{DE38FA62-D82C-4B94-8191-232ABFE0FF8E}"
EndProject
Project("{FAE04EC0-301F-11D3-BF4B-00C04F79EFBC}") = "raw_count", "Kneser-Ney\Pipeline\raw_count\raw_count.csproj", "{00F282C5-92A9-4966-BA43-4DFFE1D1FECE}"
EndProject
Project("{FAE04EC0-301F-11D3-BF4B-00C04F79EFBC}") = "tokenization", "Kneser-Ney\Pipeline\tokenization\tokenization.csproj", "{527B1710-6A90-4981-8A4F-0B5CB1E3C63F}"
EndProject
Project("{FAE04EC0-301F-11D3-BF4B-00C04F79EFBC}") = "signDict", "Kneser-Ney\Pipeline\signDict\signDict.csproj", "{D2233BC2-7B07-4123-9199-E394F3F01EFD}"
EndProject
Project("{FAE04EC0-301F-11D3-BF4B-00C04F79EFBC}") = "removeOOV", "Kneser-Ney\Pipeline\removeOOV\removeOOV.csproj", "{EBAB2E23-E40B-48C6-9CC1-5D34900D96C7}"
EndProject
Project("{FAE04EC0-301F-11D3-BF4B-00C04F79EFBC}") = "logFreq", "Kneser-Ney\Pipeline\logFreq\logFreq.csproj", "{6A8966B2-553B-4647-AD8B-C770DAAA696C}"
EndProject
Project("{FAE04EC0-301F-11D3-BF4B-00C04F79EFBC}") = "kn_score", "Kneser-Ney\lm_score\kn_score.csproj", "{EA847E43-88E6-40BC-8551-2C8A205EA75B}"
EndProject
Project("{FAE04EC0-301F-11D3-BF4B-00C04F79EFBC}") = "KNDecoder", "Kneser-Ney\lmDecoder\KNDecoder.csproj", "{CC572934-8AA0-46E6-9709-9E8700E380EE}"
EndProject
Global
	GlobalSection(SolutionConfigurationPlatforms) = preSolution
		Debug|Any CPU = Debug|Any CPU
		Release|Any CPU = Release|Any CPU
	EndGlobalSection
	GlobalSection(ProjectConfigurationPlatforms) = postSolution
		{4720A32F-1B29-4903-8B24-747666AA647D}.Debug|Any CPU.ActiveCfg = Debug|Any CPU
		{4720A32F-1B29-4903-8B24-747666AA647D}.Debug|Any CPU.Build.0 = Debug|Any CPU
		{4720A32F-1B29-4903-8B24-747666AA647D}.Release|Any CPU.ActiveCfg = Release|Any CPU
		{4720A32F-1B29-4903-8B24-747666AA647D}.Release|Any CPU.Build.0 = Release|Any CPU
		{0F1A39CE-B9C1-4BAF-9979-26E7F46A30FB}.Debug|Any CPU.ActiveCfg = Debug|Any CPU
		{0F1A39CE-B9C1-4BAF-9979-26E7F46A30FB}.Debug|Any CPU.Build.0 = Debug|Any CPU
		{0F1A39CE-B9C1-4BAF-9979-26E7F46A30FB}.Release|Any CPU.ActiveCfg = Release|Any CPU
		{0F1A39CE-B9C1-4BAF-9979-26E7F46A30FB}.Release|Any CPU.Build.0 = Release|Any CPU
		{7F89E543-7E7F-4137-8BDF-A49B06862026}.Debug|Any CPU.ActiveCfg = Debug|Any CPU
		{7F89E543-7E7F-4137-8BDF-A49B06862026}.Debug|Any CPU.Build.0 = Debug|Any CPU
		{7F89E543-7E7F-4137-8BDF-A49B06862026}.Release|Any CPU.ActiveCfg = Release|Any CPU
		{7F89E543-7E7F-4137-8BDF-A49B06862026}.Release|Any CPU.Build.0 = Release|Any CPU
		{6F70240A-81C9-40F7-808B-EAA473A5D525}.Debug|Any CPU.ActiveCfg = Debug|Any CPU
		{6F70240A-81C9-40F7-808B-EAA473A5D525}.Debug|Any CPU.Build.0 = Debug|Any CPU
		{6F70240A-81C9-40F7-808B-EAA473A5D525}.Release|Any CPU.ActiveCfg = Release|Any CPU
		{6F70240A-81C9-40F7-808B-EAA473A5D525}.Release|Any CPU.Build.0 = Release|Any CPU
		{DE38FA62-D82C-4B94-8191-232ABFE0FF8E}.Debug|Any CPU.ActiveCfg = Debug|Any CPU
		{DE38FA62-D82C-4B94-8191-232ABFE0FF8E}.Debug|Any CPU.Build.0 = Debug|Any CPU
		{DE38FA62-D82C-4B94-8191-232ABFE0FF8E}.Release|Any CPU.ActiveCfg = Release|Any CPU
		{DE38FA62-D82C-4B94-8191-232ABFE0FF8E}.Release|Any CPU.Build.0 = Release|Any CPU
		{00F282C5-92A9-4966-BA43-4DFFE1D1FECE}.Debug|Any CPU.ActiveCfg = Debug|Any CPU
		{00F282C5-92A9-4966-BA43-4DFFE1D1FECE}.Debug|Any CPU.Build.0 = Debug|Any CPU
		{00F282C5-92A9-4966-BA43-4DFFE1D1FECE}.Release|Any CPU.ActiveCfg = Release|Any CPU
		{00F282C5-92A9-4966-BA43-4DFFE1D1FECE}.Release|Any CPU.Build.0 = Release|Any CPU
		{527B1710-6A90-4981-8A4F-0B5CB1E3C63F}.Debug|Any CPU.ActiveCfg = Debug|Any CPU
		{527B1710-6A90-4981-8A4F-0B5CB1E3C63F}.Debug|Any CPU.Build.0 = Debug|Any CPU
		{527B1710-6A90-4981-8A4F-0B5CB1E3C63F}.Release|Any CPU.ActiveCfg = Release|Any CPU
		{527B1710-6A90-4981-8A4F-0B5CB1E3C63F}.Release|Any CPU.Build.0 = Release|Any CPU
		{D2233BC2-7B07-4123-9199-E394F3F01EFD}.Debug|Any CPU.ActiveCfg = Debug|Any CPU
		{D2233BC2-7B07-4123-9199-E394F3F01EFD}.Debug|Any CPU.Build.0 = Debug|Any CPU
		{D2233BC2-7B07-4123-9199-E394F3F01EFD}.Release|Any CPU.ActiveCfg = Release|Any CPU
		{D2233BC2-7B07-4123-9199-E394F3F01EFD}.Release|Any CPU.Build.0 = Release|Any CPU
		{EBAB2E23-E40B-48C6-9CC1-5D34900D96C7}.Debug|Any CPU.ActiveCfg = Debug|Any CPU
		{EBAB2E23-E40B-48C6-9CC1-5D34900D96C7}.Debug|Any CPU.Build.0 = Debug|Any CPU
		{EBAB2E23-E40B-48C6-9CC1-5D34900D96C7}.Release|Any CPU.ActiveCfg = Release|Any CPU
		{EBAB2E23-E40B-48C6-9CC1-5D34900D96C7}.Release|Any CPU.Build.0 = Release|Any CPU
		{6A8966B2-553B-4647-AD8B-C770DAAA696C}.Debug|Any CPU.ActiveCfg = Debug|Any CPU
		{6A8966B2-553B-4647-AD8B-C770DAAA696C}.Debug|Any CPU.Build.0 = Debug|Any CPU
		{6A8966B2-553B-4647-AD8B-C770DAAA696C}.Release|Any CPU.ActiveCfg = Release|Any CPU
		{6A8966B2-553B-4647-AD8B-C770DAAA696C}.Release|Any CPU.Build.0 = Release|Any CPU
		{EA847E43-88E6-40BC-8551-2C8A205EA75B}.Debug|Any CPU.ActiveCfg = Debug|Any CPU
		{EA847E43-88E6-40BC-8551-2C8A205EA75B}.Debug|Any CPU.Build.0 = Debug|Any CPU
		{EA847E43-88E6-40BC-8551-2C8A205EA75B}.Release|Any CPU.ActiveCfg = Release|Any CPU
		{EA847E43-88E6-40BC-8551-2C8A205EA75B}.Release|Any CPU.Build.0 = Release|Any CPU
		{CC572934-8AA0-46E6-9709-9E8700E380EE}.Debug|Any CPU.ActiveCfg = Debug|Any CPU
		{CC572934-8AA0-46E6-9709-9E8700E380EE}.Debug|Any CPU.Build.0 = Debug|Any CPU
		{CC572934-8AA0-46E6-9709-9E8700E380EE}.Release|Any CPU.ActiveCfg = Release|Any CPU
		{CC572934-8AA0-46E6-9709-9E8700E380EE}.Release|Any CPU.Build.0 = Release|Any CPU
	EndGlobalSection
	GlobalSection(SolutionProperties) = preSolution
		HideSolutionNode = FALSE
	EndGlobalSection
	GlobalSection(NestedProjects) = preSolution
		{5EA0AC4D-0FD5-4DCF-B752-CE11AB3A77A7} = {E76DCF56-7D43-45AE-9312-2D9AE3373FA6}
		{4720A32F-1B29-4903-8B24-747666AA647D} = {5EA0AC4D-0FD5-4DCF-B752-CE11AB3A77A7}
		{0F1A39CE-B9C1-4BAF-9979-26E7F46A30FB} = {5EA0AC4D-0FD5-4DCF-B752-CE11AB3A77A7}
		{7F89E543-7E7F-4137-8BDF-A49B06862026} = {5EA0AC4D-0FD5-4DCF-B752-CE11AB3A77A7}
		{6F70240A-81C9-40F7-808B-EAA473A5D525} = {5EA0AC4D-0FD5-4DCF-B752-CE11AB3A77A7}
		{DE38FA62-D82C-4B94-8191-232ABFE0FF8E} = {5EA0AC4D-0FD5-4DCF-B752-CE11AB3A77A7}
		{00F282C5-92A9-4966-BA43-4DFFE1D1FECE} = {5EA0AC4D-0FD5-4DCF-B752-CE11AB3A77A7}
		{527B1710-6A90-4981-8A4F-0B5CB1E3C63F} = {5EA0AC4D-0FD5-4DCF-B752-CE11AB3A77A7}
		{D2233BC2-7B07-4123-9199-E394F3F01EFD} = {5EA0AC4D-0FD5-4DCF-B752-CE11AB3A77A7}
		{EBAB2E23-E40B-48C6-9CC1-5D34900D96C7} = {5EA0AC4D-0FD5-4DCF-B752-CE11AB3A77A7}
		{6A8966B2-553B-4647-AD8B-C770DAAA696C} = {5EA0AC4D-0FD5-4DCF-B752-CE11AB3A77A7}
		{EA847E43-88E6-40BC-8551-2C8A205EA75B} = {E76DCF56-7D43-45AE-9312-2D9AE3373FA6}
		{CC572934-8AA0-46E6-9709-9E8700E380EE} = {E76DCF56-7D43-45AE-9312-2D9AE3373FA6}
	EndGlobalSection
EndGlobal
